
Microsoft Visual Studio Solution File, Format Version 12.00
# Visual Studio Version 17
VisualStudioVersion = 17.14.37710.0 d17.14
MinimumVisualStudioVersion = 10.0.40219.1
Project("{FAE04EC0-301F-11D3-BF4B-00C04F79EFBC}") = "NguyenDucPhuc_KtraFE", "NguyenDucPhuc_KtraFE.csproj", "{00D2C1EB-88FE-45C2-84D7-C111709C6572}"
EndProject
Global
	GlobalSection(SolutionConfigurationPlatforms) = preSolution
		Debug|Any CPU = Debug|Any CPU
		Release|Any CPU = Release|Any CPU
	EndGlobalSection
	GlobalSection(ProjectConfigurationPlatforms) = postSolution
		{00D2C1EB-88FE-45C2-84D7-C111709C6572}.Debug|Any CPU.ActiveCfg = Debug|Any CPU
		{00D2C1EB-88FE-45C2-84D7-C111709C6572}.Debug|Any CPU.Build.0 = Debug|Any CPU
		{00D2C1EB-88FE-45C2-84D7-C111709C6572}.Release|Any CPU.ActiveCfg = Release|Any CPU
		{00D2C1EB-88FE-45C2-84D7-C111709C6572}.Release|Any CPU.Build.0 = Release|Any CPU
	EndGlobalSection
	GlobalSection(SolutionProperties) = preSolution
		HideSolutionNode = FALSE
	EndGlobalSection
	GlobalSection(ExtensibilityGlobals) = postSolution
		SolutionGuid = {1B5EFC21-6C89-4587-8277-EB986E43FC53}
	EndGlobalSection
EndGlobal
